
Microsoft Visual Studio Solution File, Format Version 12.00
# Visual Studio Version 17
VisualStudioVersion = 17.8.34309.116
MinimumVisualStudioVersion = 10.0.40219.1
Project("{FAE04EC0-301F-11D3-BF4B-00C04F79EFBC}") = "Encrypt", "Encrypt\Encrypt.csproj", "{C556EBDF-C4AF-4531-85B8-2E9722E3830B}"
EndProject
Project("{9A19103F-16F7-4668-BE54-9A1E7A4F7556}") = "IO.Library", "..\..\class-libs\JCLibraries\IO.Library\IO.Library.csproj", "{D5200D4E-5631-419B-BE70-3FF7E11076A9}"
EndProject
Project("{FAE04EC0-301F-11D3-BF4B-00C04F79EFBC}") = "Decrypt", "Decrypt\Decrypt.csproj", "{12C80B31-34A5-4CAF-8258-0F860AD41B46}"
EndProject
Project("{9A19103F-16F7-4668-BE54-9A1E7A4F7556}") = "Cryptography", "..\..\class-libs\JCLibraries\Cryptography\Cryptography.csproj", "{6763133E-573B-457E-A5C1-538B1C0F400E}"
EndProject
Global
	GlobalSection(SolutionConfigurationPlatforms) = preSolution
		Debug|Any CPU = Debug|Any CPU
		Release|Any CPU = Release|Any CPU
	EndGlobalSection
	GlobalSection(ProjectConfigurationPlatforms) = postSolution
		{C556EBDF-C4AF-4531-85B8-2E9722E3830B}.Debug|Any CPU.ActiveCfg = Debug|Any CPU
		{C556EBDF-C4AF-4531-85B8-2E9722E3830B}.Debug|Any CPU.Build.0 = Debug|Any CPU
		{C556EBDF-C4AF-4531-85B8-2E9722E3830B}.Release|Any CPU.ActiveCfg = Release|Any CPU
		{C556EBDF-C4AF-4531-85B8-2E9722E3830B}.Release|Any CPU.Build.0 = Release|Any CPU
		{D5200D4E-5631-419B-BE70-3FF7E11076A9}.Debug|Any CPU.ActiveCfg = Debug|Any CPU
		{D5200D4E-5631-419B-BE70-3FF7E11076A9}.Debug|Any CPU.Build.0 = Debug|Any CPU
		{D5200D4E-5631-419B-BE70-3FF7E11076A9}.Release|Any CPU.ActiveCfg = Release|Any CPU
		{D5200D4E-5631-419B-BE70-3FF7E11076A9}.Release|Any CPU.Build.0 = Release|Any CPU
		{12C80B31-34A5-4CAF-8258-0F860AD41B46}.Debug|Any CPU.ActiveCfg = Debug|Any CPU
		{12C80B31-34A5-4CAF-8258-0F860AD41B46}.Debug|Any CPU.Build.0 = Debug|Any CPU
		{12C80B31-34A5-4CAF-8258-0F860AD41B46}.Release|Any CPU.ActiveCfg = Release|Any CPU
		{12C80B31-34A5-4CAF-8258-0F860AD41B46}.Release|Any CPU.Build.0 = Release|Any CPU
		{6763133E-573B-457E-A5C1-538B1C0F400E}.Debug|Any CPU.ActiveCfg = Debug|Any CPU
		{6763133E-573B-457E-A5C1-538B1C0F400E}.Debug|Any CPU.Build.0 = Debug|Any CPU
		{6763133E-573B-457E-A5C1-538B1C0F400E}.Release|Any CPU.ActiveCfg = Release|Any CPU
		{6763133E-573B-457E-A5C1-538B1C0F400E}.Release|Any CPU.Build.0 = Release|Any CPU
	EndGlobalSection
	GlobalSection(SolutionProperties) = preSolution
		HideSolutionNode = FALSE
	EndGlobalSection
	GlobalSection(ExtensibilityGlobals) = postSolution
		SolutionGuid = {AE3AB8CF-4362-437B-87AF-9DC42A5A3D0E}
	EndGlobalSection
EndGlobal
